
Microsoft Visual Studio Solution File, Format Version 12.00
# Visual Studio Version 17
VisualStudioVersion = 17.1.32328.378
MinimumVisualStudioVersion = 10.0.40219.1
Project("{FAE04EC0-301F-11D3-BF4B-00C04F79EFBC}") = "QL_TIEMBANH", "QL_TIEMBANH\QL_TIEMBANH.csproj", "{ADF7990D-72B9-47B8-B97B-0F318F14130A}"
	ProjectSection(ProjectDependencies) = postProject
		{0CE50E68-951B-4D2E-8135-73058A2FE738} = {0CE50E68-951B-4D2E-8135-73058A2FE738}
	EndProjectSection
EndProject
Project("{FAE04EC0-301F-11D3-BF4B-00C04F79EFBC}") = "SERVICES", "SERVICES\SERVICES.csproj", "{0CE50E68-951B-4D2E-8135-73058A2FE738}"
EndProject
Global
	GlobalSection(SolutionConfigurationPlatforms) = preSolution
		Debug|Any CPU = Debug|Any CPU
		Release|Any CPU = Release|Any CPU
	EndGlobalSection
	GlobalSection(ProjectConfigurationPlatforms) = postSolution
		{ADF7990D-72B9-47B8-B97B-0F318F14130A}.Debug|Any CPU.ActiveCfg = Debug|Any CPU
		{ADF7990D-72B9-47B8-B97B-0F318F14130A}.Debug|Any CPU.Build.0 = Debug|Any CPU
		{ADF7990D-72B9-47B8-B97B-0F318F14130A}.Release|Any CPU.ActiveCfg = Release|Any CPU
		{ADF7990D-72B9-47B8-B97B-0F318F14130A}.Release|Any CPU.Build.0 = Release|Any CPU
		{0CE50E68-951B-4D2E-8135-73058A2FE738}.Debug|Any CPU.ActiveCfg = Debug|Any CPU
		{0CE50E68-951B-4D2E-8135-73058A2FE738}.Debug|Any CPU.Build.0 = Debug|Any CPU
		{0CE50E68-951B-4D2E-8135-73058A2FE738}.Release|Any CPU.ActiveCfg = Release|Any CPU
		{0CE50E68-951B-4D2E-8135-73058A2FE738}.Release|Any CPU.Build.0 = Release|Any CPU
	EndGlobalSection
	GlobalSection(SolutionProperties) = preSolution
		HideSolutionNode = FALSE
	EndGlobalSection
	GlobalSection(ExtensibilityGlobals) = postSolution
		SolutionGuid = {DF2D8137-5B51-4526-80F0-61D3313BF620}
	EndGlobalSection
EndGlobal
